// !$*UTF8*$!
{
	archiveVersion = 1;
	classes = {
	};
	objectVersion = 46;
	objects = {

/* Begin PBXBuildFile section */
		5A88AE691475DAC3004A67DA /* Cocoa.framework in Frameworks */ = {isa = PBXBuildFile; fileRef = 5A88AE681475DAC3004A67DA /* Cocoa.framework */; };
		5A88AE731475DAC3004A67DA /* InfoPlist.strings in Resources */ = {isa = PBXBuildFile; fileRef = 5A88AE711475DAC3004A67DA /* InfoPlist.strings */; };
		5A88AE751475DAC3004A67DA /* main.m in Sources */ = {isa = PBXBuildFile; fileRef = 5A88AE741475DAC3004A67DA /* main.m */; };
		5A88AE791475DAC3004A67DA /* Credits.rtf in Resources */ = {isa = PBXBuildFile; fileRef = 5A88AE771475DAC3004A67DA /* Credits.rtf */; };
		5A88AE7C1475DAC3004A67DA /* AppDelegate.m in Sources */ = {isa = PBXBuildFile; fileRef = 5A88AE7B1475DAC3004A67DA /* AppDelegate.m */; };
		5A88AE7F1475DAC4004A67DA /* MainMenu.xib in Resources */ = {isa = PBXBuildFile; fileRef = 5A88AE7D1475DAC4004A67DA /* MainMenu.xib */; };
		5A88AE821475DAC4004A67DA /* Ode.xcdatamodeld in Sources */ = {isa = PBXBuildFile; fileRef = 5A88AE801475DAC4004A67DA /* Ode.xcdatamodeld */; };
		5A88AE8A1475DAC4004A67DA /* SenTestingKit.framework in Frameworks */ = {isa = PBXBuildFile; fileRef = 5A88AE891475DAC4004A67DA /* SenTestingKit.framework */; };
		5A88AE8B1475DAC4004A67DA /* Cocoa.framework in Frameworks */ = {isa = PBXBuildFile; fileRef = 5A88AE681475DAC3004A67DA /* Cocoa.framework */; };
		5A88AE931475DAC4004A67DA /* InfoPlist.strings in Resources */ = {isa = PBXBuildFile; fileRef = 5A88AE911475DAC4004A67DA /* InfoPlist.strings */; };
		5A88AE961475DAC4004A67DA /* OdeTests.m in Sources */ = {isa = PBXBuildFile; fileRef = 5A88AE951475DAC4004A67DA /* OdeTests.m */; };
		6B469D4814B7744E00192533 /* OAuthConsumer.framework in Frameworks */ = {isa = PBXBuildFile; fileRef = 6B469D4714B7744E00192533 /* OAuthConsumer.framework */; };
		6B469D4D14B7749F00192533 /* OAuthConsumer.framework in Copy Frameworks */ = {isa = PBXBuildFile; fileRef = 6B469D4714B7744E00192533 /* OAuthConsumer.framework */; };
		6B469D5114B775EB00192533 /* MainWindow.xib in Resources */ = {isa = PBXBuildFile; fileRef = 6B469D5014B775EB00192533 /* MainWindow.xib */; };
		6B469D5314B7760F00192533 /* ConnectToYammer.xib in Resources */ = {isa = PBXBuildFile; fileRef = 6B469D5214B7760F00192533 /* ConnectToYammer.xib */; };
		6B469D5614B7775400192533 /* MainWindowController.m in Sources */ = {isa = PBXBuildFile; fileRef = 6B469D5514B7775400192533 /* MainWindowController.m */; };
		6B469D5914B7797900192533 /* YammerConnection.m in Sources */ = {isa = PBXBuildFile; fileRef = 6B469D5814B7797900192533 /* YammerConnection.m */; };
/* End PBXBuildFile section */

/* Begin PBXContainerItemProxy section */
		5A88AE8C1475DAC4004A67DA /* PBXContainerItemProxy */ = {
			isa = PBXContainerItemProxy;
			containerPortal = 5A88AE5B1475DAC3004A67DA /* Project object */;
			proxyType = 1;
			remoteGlobalIDString = 5A88AE631475DAC3004A67DA;
			remoteInfo = Ode;
		};
/* End PBXContainerItemProxy section */

/* Begin PBXCopyFilesBuildPhase section */
		6B469D4A14B7747800192533 /* Copy Frameworks */ = {
			isa = PBXCopyFilesBuildPhase;
			buildActionMask = 2147483647;
			dstPath = "";
			dstSubfolderSpec = 10;
			files = (
				6B469D4D14B7749F00192533 /* OAuthConsumer.framework in Copy Frameworks */,
			);
			name = "Copy Frameworks";
			runOnlyForDeploymentPostprocessing = 0;
		};
/* End PBXCopyFilesBuildPhase section */

/* Begin PBXFileReference section */
		5A88AE641475DAC3004A67DA /* Ode.app */ = {isa = PBXFileReference; explicitFileType = wrapper.application; includeInIndex = 0; path = Ode.app; sourceTree = BUILT_PRODUCTS_DIR; };
		5A88AE681475DAC3004A67DA /* Cocoa.framework */ = {isa = PBXFileReference; lastKnownFileType = wrapper.framework; name = Cocoa.framework; path = System/Library/Frameworks/Cocoa.framework; sourceTree = SDKROOT; };
		5A88AE6B1475DAC3004A67DA /* AppKit.framework */ = {isa = PBXFileReference; lastKnownFileType = wrapper.framework; name = AppKit.framework; path = System/Library/Frameworks/AppKit.framework; sourceTree = SDKROOT; };
		5A88AE6C1475DAC3004A67DA /* CoreData.framework */ = {isa = PBXFileReference; lastKnownFileType = wrapper.framework; name = CoreData.framework; path = System/Library/Frameworks/CoreData.framework; sourceTree = SDKROOT; };
		5A88AE6D1475DAC3004A67DA /* Foundation.framework */ = {isa = PBXFileReference; lastKnownFileType = wrapper.framework; name = Foundation.framework; path = System/Library/Frameworks/Foundation.framework; sourceTree = SDKROOT; };
		5A88AE701475DAC3004A67DA /* Ode-Info.plist */ = {isa = PBXFileReference; lastKnownFileType = text.plist.xml; path = "Ode-Info.plist"; sourceTree = "<group>"; };
		5A88AE721475DAC3004A67DA /* en */ = {isa = PBXFileReference; lastKnownFileType = text.plist.strings; name = en; path = en.lproj/InfoPlist.strings; sourceTree = "<group>"; };
		5A88AE741475DAC3004A67DA /* main.m */ = {isa = PBXFileReference; lastKnownFileType = sourcecode.c.objc; path = main.m; sourceTree = "<group>"; };
		5A88AE761475DAC3004A67DA /* Ode-Prefix.pch */ = {isa = PBXFileReference; lastKnownFileType = sourcecode.c.h; path = "Ode-Prefix.pch"; sourceTree = "<group>"; };
		5A88AE781475DAC3004A67DA /* en */ = {isa = PBXFileReference; lastKnownFileType = text.rtf; name = en; path = en.lproj/Credits.rtf; sourceTree = "<group>"; };
		5A88AE7A1475DAC3004A67DA /* AppDelegate.h */ = {isa = PBXFileReference; lastKnownFileType = sourcecode.c.h; path = AppDelegate.h; sourceTree = "<group>"; };
		5A88AE7B1475DAC3004A67DA /* AppDelegate.m */ = {isa = PBXFileReference; lastKnownFileType = sourcecode.c.objc; path = AppDelegate.m; sourceTree = "<group>"; };
		5A88AE7E1475DAC4004A67DA /* en */ = {isa = PBXFileReference; lastKnownFileType = file.xib; name = en; path = en.lproj/MainMenu.xib; sourceTree = "<group>"; };
		5A88AE811475DAC4004A67DA /* Ode.xcdatamodel */ = {isa = PBXFileReference; lastKnownFileType = wrapper.xcdatamodel; path = Ode.xcdatamodel; sourceTree = "<group>"; };
		5A88AE881475DAC4004A67DA /* OdeTests.octest */ = {isa = PBXFileReference; explicitFileType = wrapper.cfbundle; includeInIndex = 0; path = OdeTests.octest; sourceTree = BUILT_PRODUCTS_DIR; };
		5A88AE891475DAC4004A67DA /* SenTestingKit.framework */ = {isa = PBXFileReference; lastKnownFileType = wrapper.framework; name = SenTestingKit.framework; path = Library/Frameworks/SenTestingKit.framework; sourceTree = DEVELOPER_DIR; };
		5A88AE901475DAC4004A67DA /* OdeTests-Info.plist */ = {isa = PBXFileReference; lastKnownFileType = text.plist.xml; path = "OdeTests-Info.plist"; sourceTree = "<group>"; };
		5A88AE921475DAC4004A67DA /* en */ = {isa = PBXFileReference; lastKnownFileType = text.plist.strings; name = en; path = en.lproj/InfoPlist.strings; sourceTree = "<group>"; };
		5A88AE941475DAC4004A67DA /* OdeTests.h */ = {isa = PBXFileReference; lastKnownFileType = sourcecode.c.h; path = OdeTests.h; sourceTree = "<group>"; };
		5A88AE951475DAC4004A67DA /* OdeTests.m */ = {isa = PBXFileReference; lastKnownFileType = sourcecode.c.objc; path = OdeTests.m; sourceTree = "<group>"; };
		6B469D4714B7744E00192533 /* OAuthConsumer.framework */ = {isa = PBXFileReference; lastKnownFileType = wrapper.framework; name = OAuthConsumer.framework; path = Frameworks/OAuthConsumer.framework; sourceTree = "<group>"; };
		6B469D4F14B774F700192533 /* ApiKeys.h */ = {isa = PBXFileReference; fileEncoding = 4; lastKnownFileType = sourcecode.c.h; name = ApiKeys.h; path = YammerClient/ApiKeys.h; sourceTree = "<group>"; };
		6B469D5014B775EB00192533 /* MainWindow.xib */ = {isa = PBXFileReference; fileEncoding = 4; lastKnownFileType = file.xib; path = MainWindow.xib; sourceTree = "<group>"; };
		6B469D5214B7760F00192533 /* ConnectToYammer.xib */ = {isa = PBXFileReference; fileEncoding = 4; lastKnownFileType = file.xib; path = ConnectToYammer.xib; sourceTree = "<group>"; };
		6B469D5414B7775400192533 /* MainWindowController.h */ = {isa = PBXFileReference; fileEncoding = 4; lastKnownFileType = sourcecode.c.h; path = MainWindowController.h; sourceTree = "<group>"; };
		6B469D5514B7775400192533 /* MainWindowController.m */ = {isa = PBXFileReference; fileEncoding = 4; lastKnownFileType = sourcecode.c.objc; path = MainWindowController.m; sourceTree = "<group>"; };
		6B469D5714B7797900192533 /* YammerConnection.h */ = {isa = PBXFileReference; fileEncoding = 4; lastKnownFileType = sourcecode.c.h; name = YammerConnection.h; path = YammerClient/YammerConnection.h; sourceTree = "<group>"; };
		6B469D5814B7797900192533 /* YammerConnection.m */ = {isa = PBXFileReference; fileEncoding = 4; lastKnownFileType = sourcecode.c.objc; name = YammerConnection.m; path = YammerClient/YammerConnection.m; sourceTree = "<group>"; };
/* End PBXFileReference section */

/* Begin PBXFrameworksBuildPhase section */
		5A88AE611475DAC3004A67DA /* Frameworks */ = {
			isa = PBXFrameworksBuildPhase;
			buildActionMask = 2147483647;
			files = (
				5A88AE691475DAC3004A67DA /* Cocoa.framework in Frameworks */,
				6B469D4814B7744E00192533 /* OAuthConsumer.framework in Frameworks */,
			);
			runOnlyForDeploymentPostprocessing = 0;
		};
		5A88AE841475DAC4004A67DA /* Frameworks */ = {
			isa = PBXFrameworksBuildPhase;
			buildActionMask = 2147483647;
			files = (
				5A88AE8A1475DAC4004A67DA /* SenTestingKit.framework in Frameworks */,
				5A88AE8B1475DAC4004A67DA /* Cocoa.framework in Frameworks */,
			);
			runOnlyForDeploymentPostprocessing = 0;
		};
/* End PBXFrameworksBuildPhase section */

/* Begin PBXGroup section */
		5A88AE591475DAC3004A67DA = {
			isa = PBXGroup;
			children = (
				5A88AE6E1475DAC3004A67DA /* Ode */,
				5A88AE8E1475DAC4004A67DA /* OdeTests */,
				5A88AE671475DAC3004A67DA /* Frameworks */,
				5A88AE651475DAC3004A67DA /* Products */,
			);
			sourceTree = "<group>";
		};
		5A88AE651475DAC3004A67DA /* Products */ = {
			isa = PBXGroup;
			children = (
				5A88AE641475DAC3004A67DA /* Ode.app */,
				5A88AE881475DAC4004A67DA /* OdeTests.octest */,
			);
			name = Products;
			sourceTree = "<group>";
		};
		5A88AE671475DAC3004A67DA /* Frameworks */ = {
			isa = PBXGroup;
			children = (
				6B469D4714B7744E00192533 /* OAuthConsumer.framework */,
				5A88AE681475DAC3004A67DA /* Cocoa.framework */,
				5A88AE891475DAC4004A67DA /* SenTestingKit.framework */,
				5A88AE6A1475DAC3004A67DA /* Other Frameworks */,
			);
			name = Frameworks;
			sourceTree = "<group>";
		};
		5A88AE6A1475DAC3004A67DA /* Other Frameworks */ = {
			isa = PBXGroup;
			children = (
				5A88AE6B1475DAC3004A67DA /* AppKit.framework */,
				5A88AE6C1475DAC3004A67DA /* CoreData.framework */,
				5A88AE6D1475DAC3004A67DA /* Foundation.framework */,
			);
			name = "Other Frameworks";
			sourceTree = "<group>";
		};
		5A88AE6E1475DAC3004A67DA /* Ode */ = {
			isa = PBXGroup;
			children = (
				6B469D4E14B774AC00192533 /* YammerClient */,
				5A88AE7A1475DAC3004A67DA /* AppDelegate.h */,
				5A88AE7B1475DAC3004A67DA /* AppDelegate.m */,
				5A88AE7D1475DAC4004A67DA /* MainMenu.xib */,
				5A88AE801475DAC4004A67DA /* Ode.xcdatamodeld */,
				5A88AE6F1475DAC3004A67DA /* Supporting Files */,
				6B469D5014B775EB00192533 /* MainWindow.xib */,
				6B469D5214B7760F00192533 /* ConnectToYammer.xib */,
				6B469D5414B7775400192533 /* MainWindowController.h */,
				6B469D5514B7775400192533 /* MainWindowController.m */,
			);
			path = Ode;
			sourceTree = "<group>";
		};
		5A88AE6F1475DAC3004A67DA /* Supporting Files */ = {
			isa = PBXGroup;
			children = (
				5A88AE701475DAC3004A67DA /* Ode-Info.plist */,
				5A88AE711475DAC3004A67DA /* InfoPlist.strings */,
				5A88AE741475DAC3004A67DA /* main.m */,
				5A88AE761475DAC3004A67DA /* Ode-Prefix.pch */,
				5A88AE771475DAC3004A67DA /* Credits.rtf */,
			);
			name = "Supporting Files";
			sourceTree = "<group>";
		};
		5A88AE8E1475DAC4004A67DA /* OdeTests */ = {
			isa = PBXGroup;
			children = (
				5A88AE941475DAC4004A67DA /* OdeTests.h */,
				5A88AE951475DAC4004A67DA /* OdeTests.m */,
				5A88AE8F1475DAC4004A67DA /* Supporting Files */,
			);
			path = OdeTests;
			sourceTree = "<group>";
		};
		5A88AE8F1475DAC4004A67DA /* Supporting Files */ = {
			isa = PBXGroup;
			children = (
				5A88AE901475DAC4004A67DA /* OdeTests-Info.plist */,
				5A88AE911475DAC4004A67DA /* InfoPlist.strings */,
			);
			name = "Supporting Files";
			sourceTree = "<group>";
		};
		6B469D4E14B774AC00192533 /* YammerClient */ = {
			isa = PBXGroup;
			children = (
				6B469D4F14B774F700192533 /* ApiKeys.h */,
				6B469D5714B7797900192533 /* YammerConnection.h */,
				6B469D5814B7797900192533 /* YammerConnection.m */,
			);
			name = YammerClient;
			sourceTree = "<group>";
		};
/* End PBXGroup section */

/* Begin PBXNativeTarget section */
		5A88AE631475DAC3004A67DA /* Ode */ = {
			isa = PBXNativeTarget;
			buildConfigurationList = 5A88AE991475DAC4004A67DA /* Build configuration list for PBXNativeTarget "Ode" */;
			buildPhases = (
				5A88AE601475DAC3004A67DA /* Sources */,
				5A88AE611475DAC3004A67DA /* Frameworks */,
				5A88AE621475DAC3004A67DA /* Resources */,
				6B469D4A14B7747800192533 /* Copy Frameworks */,
			);
			buildRules = (
			);
			dependencies = (
			);
			name = Ode;
			productName = Ode;
			productReference = 5A88AE641475DAC3004A67DA /* Ode.app */;
			productType = "com.apple.product-type.application";
		};
		5A88AE871475DAC4004A67DA /* OdeTests */ = {
			isa = PBXNativeTarget;
			buildConfigurationList = 5A88AE9C1475DAC4004A67DA /* Build configuration list for PBXNativeTarget "OdeTests" */;
			buildPhases = (
				5A88AE831475DAC4004A67DA /* Sources */,
				5A88AE841475DAC4004A67DA /* Frameworks */,
				5A88AE851475DAC4004A67DA /* Resources */,
				5A88AE861475DAC4004A67DA /* ShellScript */,
			);
			buildRules = (
			);
			dependencies = (
				5A88AE8D1475DAC4004A67DA /* PBXTargetDependency */,
			);
			name = OdeTests;
			productName = OdeTests;
			productReference = 5A88AE881475DAC4004A67DA /* OdeTests.octest */;
			productType = "com.apple.product-type.bundle";
		};
/* End PBXNativeTarget section */

/* Begin PBXProject section */
		5A88AE5B1475DAC3004A67DA /* Project object */ = {
			isa = PBXProject;
			attributes = {
				LastUpgradeCheck = 0420;
				ORGANIZATIONNAME = Xero;
			};
			buildConfigurationList = 5A88AE5E1475DAC3004A67DA /* Build configuration list for PBXProject "Ode" */;
			compatibilityVersion = "Xcode 3.2";
			developmentRegion = English;
			hasScannedForEncodings = 0;
			knownRegions = (
				en,
			);
			mainGroup = 5A88AE591475DAC3004A67DA;
			productRefGroup = 5A88AE651475DAC3004A67DA /* Products */;
			projectDirPath = "";
			projectRoot = "";
			targets = (
				5A88AE631475DAC3004A67DA /* Ode */,
				5A88AE871475DAC4004A67DA /* OdeTests */,
			);
		};
/* End PBXProject section */

/* Begin PBXResourcesBuildPhase section */
		5A88AE621475DAC3004A67DA /* Resources */ = {
			isa = PBXResourcesBuildPhase;
			buildActionMask = 2147483647;
			files = (
				5A88AE731475DAC3004A67DA /* InfoPlist.strings in Resources */,
				5A88AE791475DAC3004A67DA /* Credits.rtf in Resources */,
				5A88AE7F1475DAC4004A67DA /* MainMenu.xib in Resources */,
				6B469D5114B775EB00192533 /* MainWindow.xib in Resources */,
				6B469D5314B7760F00192533 /* ConnectToYammer.xib in Resources */,
			);
			runOnlyForDeploymentPostprocessing = 0;
		};
		5A88AE851475DAC4004A67DA /* Resources */ = {
			isa = PBXResourcesBuildPhase;
			buildActionMask = 2147483647;
			files = (
				5A88AE931475DAC4004A67DA /* InfoPlist.strings in Resources */,
			);
			runOnlyForDeploymentPostprocessing = 0;
		};
/* End PBXResourcesBuildPhase section */

/* Begin PBXShellScriptBuildPhase section */
		5A88AE861475DAC4004A67DA /* ShellScript */ = {
			isa = PBXShellScriptBuildPhase;
			buildActionMask = 2147483647;
			files = (
			);
			inputPaths = (
			);
			outputPaths = (
			);
			runOnlyForDeploymentPostprocessing = 0;
			shellPath = /bin/sh;
			shellScript = "# Run the unit tests in this test bundle.\n\"${SYSTEM_DEVELOPER_DIR}/Tools/RunUnitTests\"\n";
		};
/* End PBXShellScriptBuildPhase section */

/* Begin PBXSourcesBuildPhase section */
		5A88AE601475DAC3004A67DA /* Sources */ = {
			isa = PBXSourcesBuildPhase;
			buildActionMask = 2147483647;
			files = (
				5A88AE751475DAC3004A67DA /* main.m in Sources */,
				5A88AE7C1475DAC3004A67DA /* AppDelegate.m in Sources */,
				5A88AE821475DAC4004A67DA /* Ode.xcdatamodeld in Sources */,
				6B469D5614B7775400192533 /* MainWindowController.m in Sources */,
				6B469D5914B7797900192533 /* YammerConnection.m in Sources */,
			);
			runOnlyForDeploymentPostprocessing = 0;
		};
		5A88AE831475DAC4004A67DA /* Sources */ = {
			isa = PBXSourcesBuildPhase;
			buildActionMask = 2147483647;
			files = (
				5A88AE961475DAC4004A67DA /* OdeTests.m in Sources */,
			);
			runOnlyForDeploymentPostprocessing = 0;
		};
/* End PBXSourcesBuildPhase section */

/* Begin PBXTargetDependency section */
		5A88AE8D1475DAC4004A67DA /* PBXTargetDependency */ = {
			isa = PBXTargetDependency;
			target = 5A88AE631475DAC3004A67DA /* Ode */;
			targetProxy = 5A88AE8C1475DAC4004A67DA /* PBXContainerItemProxy */;
		};
/* End PBXTargetDependency section */

/* Begin PBXVariantGroup section */
		5A88AE711475DAC3004A67DA /* InfoPlist.strings */ = {
			isa = PBXVariantGroup;
			children = (
				5A88AE721475DAC3004A67DA /* en */,
			);
			name = InfoPlist.strings;
			sourceTree = "<group>";
		};
		5A88AE771475DAC3004A67DA /* Credits.rtf */ = {
			isa = PBXVariantGroup;
			children = (
				5A88AE781475DAC3004A67DA /* en */,
			);
			name = Credits.rtf;
			sourceTree = "<group>";
		};
		5A88AE7D1475DAC4004A67DA /* MainMenu.xib */ = {
			isa = PBXVariantGroup;
			children = (
				5A88AE7E1475DAC4004A67DA /* en */,
			);
			name = MainMenu.xib;
			sourceTree = "<group>";
		};
		5A88AE911475DAC4004A67DA /* InfoPlist.strings */ = {
			isa = PBXVariantGroup;
			children = (
				5A88AE921475DAC4004A67DA /* en */,
			);
			name = InfoPlist.strings;
			sourceTree = "<group>";
		};
/* End PBXVariantGroup section */

/* Begin XCBuildConfiguration section */
		5A88AE971475DAC4004A67DA /* Debug */ = {
			isa = XCBuildConfiguration;
			buildSettings = {
				ALWAYS_SEARCH_USER_PATHS = NO;
				ARCHS = "$(ARCHS_STANDARD_64_BIT)";
				CLANG_ENABLE_OBJC_ARC = YES;
				COPY_PHASE_STRIP = NO;
				GCC_C_LANGUAGE_STANDARD = gnu99;
				GCC_DYNAMIC_NO_PIC = NO;
				GCC_ENABLE_OBJC_EXCEPTIONS = YES;
				GCC_OPTIMIZATION_LEVEL = 0;
				GCC_PREPROCESSOR_DEFINITIONS = (
					"DEBUG=1",
					"$(inherited)",
				);
				GCC_SYMBOLS_PRIVATE_EXTERN = NO;
				GCC_VERSION = com.apple.compilers.llvm.clang.1_0;
				GCC_WARN_64_TO_32_BIT_CONVERSION = YES;
				GCC_WARN_ABOUT_MISSING_PROTOTYPES = YES;
				GCC_WARN_ABOUT_RETURN_TYPE = YES;
				GCC_WARN_UNUSED_VARIABLE = YES;
				MACOSX_DEPLOYMENT_TARGET = 10.7;
				ONLY_ACTIVE_ARCH = YES;
				SDKROOT = macosx;
			};
			name = Debug;
		};
		5A88AE981475DAC4004A67DA /* Release */ = {
			isa = XCBuildConfiguration;
			buildSettings = {
				ALWAYS_SEARCH_USER_PATHS = NO;
				ARCHS = "$(ARCHS_STANDARD_64_BIT)";
				CLANG_ENABLE_OBJC_ARC = YES;
				COPY_PHASE_STRIP = YES;
				DEBUG_INFORMATION_FORMAT = "dwarf-with-dsym";
				GCC_C_LANGUAGE_STANDARD = gnu99;
				GCC_ENABLE_OBJC_EXCEPTIONS = YES;
				GCC_VERSION = com.apple.compilers.llvm.clang.1_0;
				GCC_WARN_64_TO_32_BIT_CONVERSION = YES;
				GCC_WARN_ABOUT_MISSING_PROTOTYPES = YES;
				GCC_WARN_ABOUT_RETURN_TYPE = YES;
				GCC_WARN_UNUSED_VARIABLE = YES;
				MACOSX_DEPLOYMENT_TARGET = 10.7;
				SDKROOT = macosx;
			};
			name = Release;
		};
		5A88AE9A1475DAC4004A67DA /* Debug */ = {
			isa = XCBuildConfiguration;
			buildSettings = {
				FRAMEWORK_SEARCH_PATHS = (
					"$(inherited)",
					"\"$(SRCROOT)/Frameworks\"",
				);
				GCC_PRECOMPILE_PREFIX_HEADER = YES;
				GCC_PREFIX_HEADER = "Ode/Ode-Prefix.pch";
				INFOPLIST_FILE = "Ode/Ode-Info.plist";
				PRODUCT_NAME = "$(TARGET_NAME)";
				WRAPPER_EXTENSION = app;
			};
			name = Debug;
		};
		5A88AE9B1475DAC4004A67DA /* Release */ = {
			isa = XCBuildConfiguration;
			buildSettings = {
				FRAMEWORK_SEARCH_PATHS = (
					"$(inherited)",
					"\"$(SRCROOT)/Frameworks\"",
				);
				GCC_PRECOMPILE_PREFIX_HEADER = YES;
				GCC_PREFIX_HEADER = "Ode/Ode-Prefix.pch";
				INFOPLIST_FILE = "Ode/Ode-Info.plist";
				PRODUCT_NAME = "$(TARGET_NAME)";
				WRAPPER_EXTENSION = app;
			};
			name = Release;
		};
		5A88AE9D1475DAC4004A67DA /* Debug */ = {
			isa = XCBuildConfiguration;
			buildSettings = {
				BUNDLE_LOADER = "$(BUILT_PRODUCTS_DIR)/Ode.app/Contents/MacOS/Ode";
				FRAMEWORK_SEARCH_PATHS = "$(DEVELOPER_LIBRARY_DIR)/Frameworks";
				GCC_PRECOMPILE_PREFIX_HEADER = YES;
				GCC_PREFIX_HEADER = "Ode/Ode-Prefix.pch";
				INFOPLIST_FILE = "OdeTests/OdeTests-Info.plist";
				PRODUCT_NAME = "$(TARGET_NAME)";
				TEST_HOST = "$(BUNDLE_LOADER)";
				WRAPPER_EXTENSION = octest;
			};
			name = Debug;
		};
		5A88AE9E1475DAC4004A67DA /* Release */ = {
			isa = XCBuildConfiguration;
			buildSettings = {
				BUNDLE_LOADER = "$(BUILT_PRODUCTS_DIR)/Ode.app/Contents/MacOS/Ode";
				FRAMEWORK_SEARCH_PATHS = "$(DEVELOPER_LIBRARY_DIR)/Frameworks";
				GCC_PRECOMPILE_PREFIX_HEADER = YES;
				GCC_PREFIX_HEADER = "Ode/Ode-Prefix.pch";
				INFOPLIST_FILE = "OdeTests/OdeTests-Info.plist";
				PRODUCT_NAME = "$(TARGET_NAME)";
				TEST_HOST = "$(BUNDLE_LOADER)";
				WRAPPER_EXTENSION = octest;
			};
			name = Release;
		};
/* End XCBuildConfiguration section */

/* Begin XCConfigurationList section */
		5A88AE5E1475DAC3004A67DA /* Build configuration list for PBXProject "Ode" */ = {
			isa = XCConfigurationList;
			buildConfigurations = (
				5A88AE971475DAC4004A67DA /* Debug */,
				5A88AE981475DAC4004A67DA /* Release */,
			);
			defaultConfigurationIsVisible = 0;
			defaultConfigurationName = Release;
		};
		5A88AE991475DAC4004A67DA /* Build configuration list for PBXNativeTarget "Ode" */ = {
			isa = XCConfigurationList;
			buildConfigurations = (
				5A88AE9A1475DAC4004A67DA /* Debug */,
				5A88AE9B1475DAC4004A67DA /* Release */,
			);
			defaultConfigurationIsVisible = 0;
			defaultConfigurationName = Release;
		};
		5A88AE9C1475DAC4004A67DA /* Build configuration list for PBXNativeTarget "OdeTests" */ = {
			isa = XCConfigurationList;
			buildConfigurations = (
				5A88AE9D1475DAC4004A67DA /* Debug */,
				5A88AE9E1475DAC4004A67DA /* Release */,
			);
			defaultConfigurationIsVisible = 0;
			defaultConfigurationName = Release;
		};
/* End XCConfigurationList section */

/* Begin XCVersionGroup section */
		5A88AE801475DAC4004A67DA /* Ode.xcdatamodeld */ = {
			isa = XCVersionGroup;
			children = (
				5A88AE811475DAC4004A67DA /* Ode.xcdatamodel */,
			);
			currentVersion = 5A88AE811475DAC4004A67DA /* Ode.xcdatamodel */;
			path = Ode.xcdatamodeld;
			sourceTree = "<group>";
			versionGroupType = wrapper.xcdatamodel;
		};
/* End XCVersionGroup section */
	};
	rootObject = 5A88AE5B1475DAC3004A67DA /* Project object */;
}
